
Microsoft Visual Studio Solution File, Format Version 12.00
# Visual Studio 2012
Project("{8BC9CEB8-8B4A-11D0-8D11-00A0C91BC942}") = "EV Filter", "EV Filter\EV Filter.vcxproj", "{87E714AF-4B06-4839-9F81-D827B68D3BB7}"
EndProject
Global
	GlobalSection(SolutionConfigurationPlatforms) = preSolution
		Debug|Win32 = Debug|Win32
		Release|Win32 = Release|Win32
	EndGlobalSection
	GlobalSection(ProjectConfigurationPlatforms) = postSolution
		{87E714AF-4B06-4839-9F81-D827B68D3BB7}.Debug|Win32.ActiveCfg = Debug|Win32
		{87E714AF-4B06-4839-9F81-D827B68D3BB7}.Debug|Win32.Build.0 = Debug|Win32
		{87E714AF-4B06-4839-9F81-D827B68D3BB7}.Release|Win32.ActiveCfg = Release|Win32
		{87E714AF-4B06-4839-9F81-D827B68D3BB7}.Release|Win32.Build.0 = Release|Win32
	EndGlobalSection
	GlobalSection(SolutionProperties) = preSolution
		HideSolutionNode = FALSE
	EndGlobalSection
EndGlobal
