
Microsoft Visual Studio Solution File, Format Version 12.00
# Visual Studio 2012
Project("{FAE04EC0-301F-11D3-BF4B-00C04F79EFBC}") = "Filter GUI", "Filter GUI\Filter GUI.csproj", "{B010932F-8CE6-4D6A-90E3-EDABAE47BA10}"
EndProject
Global
	GlobalSection(SolutionConfigurationPlatforms) = preSolution
		Debug|Any CPU = Debug|Any CPU
		Release|Any CPU = Release|Any CPU
	EndGlobalSection
	GlobalSection(ProjectConfigurationPlatforms) = postSolution
		{B010932F-8CE6-4D6A-90E3-EDABAE47BA10}.Debug|Any CPU.ActiveCfg = Debug|Any CPU
		{B010932F-8CE6-4D6A-90E3-EDABAE47BA10}.Debug|Any CPU.Build.0 = Debug|Any CPU
		{B010932F-8CE6-4D6A-90E3-EDABAE47BA10}.Release|Any CPU.ActiveCfg = Release|Any CPU
		{B010932F-8CE6-4D6A-90E3-EDABAE47BA10}.Release|Any CPU.Build.0 = Release|Any CPU
	EndGlobalSection
	GlobalSection(SolutionProperties) = preSolution
		HideSolutionNode = FALSE
	EndGlobalSection
EndGlobal
